
Microsoft Visual Studio Solution File, Format Version 12.00
# Visual Studio 2015
Project("{FAE04EC0-301F-11D3-BF4B-00C04F79EFBC}") = "3D Shooter.CSharp.Plugins", "3D Shooter.CSharp.Plugins.csproj", "{BDBE8E24-B030-91FF-84E7-3484F3DC4CD8}"
EndProject
Project("{FAE04EC0-301F-11D3-BF4B-00C04F79EFBC}") = "3D Shooter.CSharp", "3D Shooter.CSharp.csproj", "{9442D015-461C-9E06-BF35-1E8F48709212}"
EndProject
Project("{FAE04EC0-301F-11D3-BF4B-00C04F79EFBC}") = "3D Shooter.CSharp.Editor", "3D Shooter.CSharp.Editor.csproj", "{5A23079D-D0B9-126C-3AC5-0D3658464ECC}"
EndProject
Global
	GlobalSection(SolutionConfigurationPlatforms) = preSolution
		Debug|Any CPU = Debug|Any CPU
		Release|Any CPU = Release|Any CPU
	EndGlobalSection
	GlobalSection(ProjectConfigurationPlatforms) = postSolution
		{BDBE8E24-B030-91FF-84E7-3484F3DC4CD8}.Debug|Any CPU.ActiveCfg = Debug|Any CPU
		{BDBE8E24-B030-91FF-84E7-3484F3DC4CD8}.Debug|Any CPU.Build.0 = Debug|Any CPU
		{BDBE8E24-B030-91FF-84E7-3484F3DC4CD8}.Release|Any CPU.ActiveCfg = Release|Any CPU
		{BDBE8E24-B030-91FF-84E7-3484F3DC4CD8}.Release|Any CPU.Build.0 = Release|Any CPU
		{9442D015-461C-9E06-BF35-1E8F48709212}.Debug|Any CPU.ActiveCfg = Debug|Any CPU
		{9442D015-461C-9E06-BF35-1E8F48709212}.Debug|Any CPU.Build.0 = Debug|Any CPU
		{9442D015-461C-9E06-BF35-1E8F48709212}.Release|Any CPU.ActiveCfg = Release|Any CPU
		{9442D015-461C-9E06-BF35-1E8F48709212}.Release|Any CPU.Build.0 = Release|Any CPU
		{5A23079D-D0B9-126C-3AC5-0D3658464ECC}.Debug|Any CPU.ActiveCfg = Debug|Any CPU
		{5A23079D-D0B9-126C-3AC5-0D3658464ECC}.Debug|Any CPU.Build.0 = Debug|Any CPU
		{5A23079D-D0B9-126C-3AC5-0D3658464ECC}.Release|Any CPU.ActiveCfg = Release|Any CPU
		{5A23079D-D0B9-126C-3AC5-0D3658464ECC}.Release|Any CPU.Build.0 = Release|Any CPU
	EndGlobalSection
	GlobalSection(SolutionProperties) = preSolution
		HideSolutionNode = FALSE
	EndGlobalSection
EndGlobal
